
Microsoft Visual Studio Solution File, Format Version 12.00
# Visual Studio 15
VisualStudioVersion = 15.0.28307.645
MinimumVisualStudioVersion = 10.0.40219.1
Project("{FAE04EC0-301F-11D3-BF4B-00C04F79EFBC}") = "MVCAddres", "MVCAddres\MVCAddres.csproj", "{42560362-9A70-45BB-B246-3176888AA0C8}"
EndProject
Project("{FAE04EC0-301F-11D3-BF4B-00C04F79EFBC}") = "AppiAdress", "AppiAdress\AppiAdress.csproj", "{FEAD47A6-BC32-4101-975C-4BBD526CF802}"
EndProject
Project("{FAE04EC0-301F-11D3-BF4B-00C04F79EFBC}") = "appAddress.Android", "appAddress\appAddress.Android\appAddress.Android.csproj", "{1FDC8535-3508-49CB-B7F1-86E4204C1683}"
EndProject
Project("{FAE04EC0-301F-11D3-BF4B-00C04F79EFBC}") = "appAddress.iOS", "appAddress\appAddress.iOS\appAddress.iOS.csproj", "{54D3597C-6B67-493F-887B-961F273C16FE}"
EndProject
Project("{FAE04EC0-301F-11D3-BF4B-00C04F79EFBC}") = "appAddress", "appAddress\appAddress\appAddress.csproj", "{F7EFD35C-5358-4FD3-B8B0-AB69F11625D3}"
EndProject
Global
	GlobalSection(SolutionConfigurationPlatforms) = preSolution
		Ad-Hoc|Any CPU = Ad-Hoc|Any CPU
		Ad-Hoc|iPhone = Ad-Hoc|iPhone
		Ad-Hoc|iPhoneSimulator = Ad-Hoc|iPhoneSimulator
		AppStore|Any CPU = AppStore|Any CPU
		AppStore|iPhone = AppStore|iPhone
		AppStore|iPhoneSimulator = AppStore|iPhoneSimulator
		Debug|Any CPU = Debug|Any CPU
		Debug|iPhone = Debug|iPhone
		Debug|iPhoneSimulator = Debug|iPhoneSimulator
		Release|Any CPU = Release|Any CPU
		Release|iPhone = Release|iPhone
		Release|iPhoneSimulator = Release|iPhoneSimulator
	EndGlobalSection
	GlobalSection(ProjectConfigurationPlatforms) = postSolution
		{42560362-9A70-45BB-B246-3176888AA0C8}.Ad-Hoc|Any CPU.ActiveCfg = Release|Any CPU
		{42560362-9A70-45BB-B246-3176888AA0C8}.Ad-Hoc|Any CPU.Build.0 = Release|Any CPU
		{42560362-9A70-45BB-B246-3176888AA0C8}.Ad-Hoc|iPhone.ActiveCfg = Release|Any CPU
		{42560362-9A70-45BB-B246-3176888AA0C8}.Ad-Hoc|iPhone.Build.0 = Release|Any CPU
		{42560362-9A70-45BB-B246-3176888AA0C8}.Ad-Hoc|iPhoneSimulator.ActiveCfg = Release|Any CPU
		{42560362-9A70-45BB-B246-3176888AA0C8}.Ad-Hoc|iPhoneSimulator.Build.0 = Release|Any CPU
		{42560362-9A70-45BB-B246-3176888AA0C8}.AppStore|Any CPU.ActiveCfg = Release|Any CPU
		{42560362-9A70-45BB-B246-3176888AA0C8}.AppStore|Any CPU.Build.0 = Release|Any CPU
		{42560362-9A70-45BB-B246-3176888AA0C8}.AppStore|iPhone.ActiveCfg = Release|Any CPU
		{42560362-9A70-45BB-B246-3176888AA0C8}.AppStore|iPhone.Build.0 = Release|Any CPU
		{42560362-9A70-45BB-B246-3176888AA0C8}.AppStore|iPhoneSimulator.ActiveCfg = Release|Any CPU
		{42560362-9A70-45BB-B246-3176888AA0C8}.AppStore|iPhoneSimulator.Build.0 = Release|Any CPU
		{42560362-9A70-45BB-B246-3176888AA0C8}.Debug|Any CPU.ActiveCfg = Debug|Any CPU
		{42560362-9A70-45BB-B246-3176888AA0C8}.Debug|Any CPU.Build.0 = Debug|Any CPU
		{42560362-9A70-45BB-B246-3176888AA0C8}.Debug|iPhone.ActiveCfg = Debug|Any CPU
		{42560362-9A70-45BB-B246-3176888AA0C8}.Debug|iPhone.Build.0 = Debug|Any CPU
		{42560362-9A70-45BB-B246-3176888AA0C8}.Debug|iPhoneSimulator.ActiveCfg = Debug|Any CPU
		{42560362-9A70-45BB-B246-3176888AA0C8}.Debug|iPhoneSimulator.Build.0 = Debug|Any CPU
		{42560362-9A70-45BB-B246-3176888AA0C8}.Release|Any CPU.ActiveCfg = Release|Any CPU
		{42560362-9A70-45BB-B246-3176888AA0C8}.Release|Any CPU.Build.0 = Release|Any CPU
		{42560362-9A70-45BB-B246-3176888AA0C8}.Release|iPhone.ActiveCfg = Release|Any CPU
		{42560362-9A70-45BB-B246-3176888AA0C8}.Release|iPhone.Build.0 = Release|Any CPU
		{42560362-9A70-45BB-B246-3176888AA0C8}.Release|iPhoneSimulator.ActiveCfg = Release|Any CPU
		{42560362-9A70-45BB-B246-3176888AA0C8}.Release|iPhoneSimulator.Build.0 = Release|Any CPU
		{FEAD47A6-BC32-4101-975C-4BBD526CF802}.Ad-Hoc|Any CPU.ActiveCfg = Release|Any CPU
		{FEAD47A6-BC32-4101-975C-4BBD526CF802}.Ad-Hoc|Any CPU.Build.0 = Release|Any CPU
		{FEAD47A6-BC32-4101-975C-4BBD526CF802}.Ad-Hoc|iPhone.ActiveCfg = Release|Any CPU
		{FEAD47A6-BC32-4101-975C-4BBD526CF802}.Ad-Hoc|iPhone.Build.0 = Release|Any CPU
		{FEAD47A6-BC32-4101-975C-4BBD526CF802}.Ad-Hoc|iPhoneSimulator.ActiveCfg = Release|Any CPU
		{FEAD47A6-BC32-4101-975C-4BBD526CF802}.Ad-Hoc|iPhoneSimulator.Build.0 = Release|Any CPU
		{FEAD47A6-BC32-4101-975C-4BBD526CF802}.AppStore|Any CPU.ActiveCfg = Release|Any CPU
		{FEAD47A6-BC32-4101-975C-4BBD526CF802}.AppStore|Any CPU.Build.0 = Release|Any CPU
		{FEAD47A6-BC32-4101-975C-4BBD526CF802}.AppStore|iPhone.ActiveCfg = Release|Any CPU
		{FEAD47A6-BC32-4101-975C-4BBD526CF802}.AppStore|iPhone.Build.0 = Release|Any CPU
		{FEAD47A6-BC32-4101-975C-4BBD526CF802}.AppStore|iPhoneSimulator.ActiveCfg = Release|Any CPU
		{FEAD47A6-BC32-4101-975C-4BBD526CF802}.AppStore|iPhoneSimulator.Build.0 = Release|Any CPU
		{FEAD47A6-BC32-4101-975C-4BBD526CF802}.Debug|Any CPU.ActiveCfg = Debug|Any CPU
		{FEAD47A6-BC32-4101-975C-4BBD526CF802}.Debug|Any CPU.Build.0 = Debug|Any CPU
		{FEAD47A6-BC32-4101-975C-4BBD526CF802}.Debug|iPhone.ActiveCfg = Debug|Any CPU
		{FEAD47A6-BC32-4101-975C-4BBD526CF802}.Debug|iPhone.Build.0 = Debug|Any CPU
		{FEAD47A6-BC32-4101-975C-4BBD526CF802}.Debug|iPhoneSimulator.ActiveCfg = Debug|Any CPU
		{FEAD47A6-BC32-4101-975C-4BBD526CF802}.Debug|iPhoneSimulator.Build.0 = Debug|Any CPU
		{FEAD47A6-BC32-4101-975C-4BBD526CF802}.Release|Any CPU.ActiveCfg = Release|Any CPU
		{FEAD47A6-BC32-4101-975C-4BBD526CF802}.Release|Any CPU.Build.0 = Release|Any CPU
		{FEAD47A6-BC32-4101-975C-4BBD526CF802}.Release|iPhone.ActiveCfg = Release|Any CPU
		{FEAD47A6-BC32-4101-975C-4BBD526CF802}.Release|iPhone.Build.0 = Release|Any CPU
		{FEAD47A6-BC32-4101-975C-4BBD526CF802}.Release|iPhoneSimulator.ActiveCfg = Release|Any CPU
		{FEAD47A6-BC32-4101-975C-4BBD526CF802}.Release|iPhoneSimulator.Build.0 = Release|Any CPU
		{1FDC8535-3508-49CB-B7F1-86E4204C1683}.Ad-Hoc|Any CPU.ActiveCfg = Release|Any CPU
		{1FDC8535-3508-49CB-B7F1-86E4204C1683}.Ad-Hoc|Any CPU.Build.0 = Release|Any CPU
		{1FDC8535-3508-49CB-B7F1-86E4204C1683}.Ad-Hoc|Any CPU.Deploy.0 = Release|Any CPU
		{1FDC8535-3508-49CB-B7F1-86E4204C1683}.Ad-Hoc|iPhone.ActiveCfg = Release|Any CPU
		{1FDC8535-3508-49CB-B7F1-86E4204C1683}.Ad-Hoc|iPhone.Build.0 = Release|Any CPU
		{1FDC8535-3508-49CB-B7F1-86E4204C1683}.Ad-Hoc|iPhone.Deploy.0 = Release|Any CPU
		{1FDC8535-3508-49CB-B7F1-86E4204C1683}.Ad-Hoc|iPhoneSimulator.ActiveCfg = Release|Any CPU
		{1FDC8535-3508-49CB-B7F1-86E4204C1683}.Ad-Hoc|iPhoneSimulator.Build.0 = Release|Any CPU
		{1FDC8535-3508-49CB-B7F1-86E4204C1683}.Ad-Hoc|iPhoneSimulator.Deploy.0 = Release|Any CPU
		{1FDC8535-3508-49CB-B7F1-86E4204C1683}.AppStore|Any CPU.ActiveCfg = Release|Any CPU
		{1FDC8535-3508-49CB-B7F1-86E4204C1683}.AppStore|Any CPU.Build.0 = Release|Any CPU
		{1FDC8535-3508-49CB-B7F1-86E4204C1683}.AppStore|Any CPU.Deploy.0 = Release|Any CPU
		{1FDC8535-3508-49CB-B7F1-86E4204C1683}.AppStore|iPhone.ActiveCfg = Release|Any CPU
		{1FDC8535-3508-49CB-B7F1-86E4204C1683}.AppStore|iPhone.Build.0 = Release|Any CPU
		{1FDC8535-3508-49CB-B7F1-86E4204C1683}.AppStore|iPhone.Deploy.0 = Release|Any CPU
		{1FDC8535-3508-49CB-B7F1-86E4204C1683}.AppStore|iPhoneSimulator.ActiveCfg = Release|Any CPU
		{1FDC8535-3508-49CB-B7F1-86E4204C1683}.AppStore|iPhoneSimulator.Build.0 = Release|Any CPU
		{1FDC8535-3508-49CB-B7F1-86E4204C1683}.AppStore|iPhoneSimulator.Deploy.0 = Release|Any CPU
		{1FDC8535-3508-49CB-B7F1-86E4204C1683}.Debug|Any CPU.ActiveCfg = Debug|Any CPU
		{1FDC8535-3508-49CB-B7F1-86E4204C1683}.Debug|Any CPU.Build.0 = Debug|Any CPU
		{1FDC8535-3508-49CB-B7F1-86E4204C1683}.Debug|Any CPU.Deploy.0 = Debug|Any CPU
		{1FDC8535-3508-49CB-B7F1-86E4204C1683}.Debug|iPhone.ActiveCfg = Debug|Any CPU
		{1FDC8535-3508-49CB-B7F1-86E4204C1683}.Debug|iPhone.Build.0 = Debug|Any CPU
		{1FDC8535-3508-49CB-B7F1-86E4204C1683}.Debug|iPhone.Deploy.0 = Debug|Any CPU
		{1FDC8535-3508-49CB-B7F1-86E4204C1683}.Debug|iPhoneSimulator.ActiveCfg = Debug|Any CPU
		{1FDC8535-3508-49CB-B7F1-86E4204C1683}.Debug|iPhoneSimulator.Build.0 = Debug|Any CPU
		{1FDC8535-3508-49CB-B7F1-86E4204C1683}.Debug|iPhoneSimulator.Deploy.0 = Debug|Any CPU
		{1FDC8535-3508-49CB-B7F1-86E4204C1683}.Release|Any CPU.ActiveCfg = Release|Any CPU
		{1FDC8535-3508-49CB-B7F1-86E4204C1683}.Release|Any CPU.Build.0 = Release|Any CPU
		{1FDC8535-3508-49CB-B7F1-86E4204C1683}.Release|Any CPU.Deploy.0 = Release|Any CPU
		{1FDC8535-3508-49CB-B7F1-86E4204C1683}.Release|iPhone.ActiveCfg = Release|Any CPU
		{1FDC8535-3508-49CB-B7F1-86E4204C1683}.Release|iPhone.Build.0 = Release|Any CPU
		{1FDC8535-3508-49CB-B7F1-86E4204C1683}.Release|iPhone.Deploy.0 = Release|Any CPU
		{1FDC8535-3508-49CB-B7F1-86E4204C1683}.Release|iPhoneSimulator.ActiveCfg = Release|Any CPU
		{1FDC8535-3508-49CB-B7F1-86E4204C1683}.Release|iPhoneSimulator.Build.0 = Release|Any CPU
		{1FDC8535-3508-49CB-B7F1-86E4204C1683}.Release|iPhoneSimulator.Deploy.0 = Release|Any CPU
		{54D3597C-6B67-493F-887B-961F273C16FE}.Ad-Hoc|Any CPU.ActiveCfg = Ad-Hoc|iPhone
		{54D3597C-6B67-493F-887B-961F273C16FE}.Ad-Hoc|iPhone.ActiveCfg = Ad-Hoc|iPhone
		{54D3597C-6B67-493F-887B-961F273C16FE}.Ad-Hoc|iPhone.Build.0 = Ad-Hoc|iPhone
		{54D3597C-6B67-493F-887B-961F273C16FE}.Ad-Hoc|iPhoneSimulator.ActiveCfg = Ad-Hoc|iPhoneSimulator
		{54D3597C-6B67-493F-887B-961F273C16FE}.Ad-Hoc|iPhoneSimulator.Build.0 = Ad-Hoc|iPhoneSimulator
		{54D3597C-6B67-493F-887B-961F273C16FE}.AppStore|Any CPU.ActiveCfg = AppStore|iPhone
		{54D3597C-6B67-493F-887B-961F273C16FE}.AppStore|iPhone.ActiveCfg = AppStore|iPhone
		{54D3597C-6B67-493F-887B-961F273C16FE}.AppStore|iPhone.Build.0 = AppStore|iPhone
		{54D3597C-6B67-493F-887B-961F273C16FE}.AppStore|iPhoneSimulator.ActiveCfg = AppStore|iPhoneSimulator
		{54D3597C-6B67-493F-887B-961F273C16FE}.AppStore|iPhoneSimulator.Build.0 = AppStore|iPhoneSimulator
		{54D3597C-6B67-493F-887B-961F273C16FE}.Debug|Any CPU.ActiveCfg = Debug|iPhone
		{54D3597C-6B67-493F-887B-961F273C16FE}.Debug|iPhone.ActiveCfg = Debug|iPhone
		{54D3597C-6B67-493F-887B-961F273C16FE}.Debug|iPhone.Build.0 = Debug|iPhone
		{54D3597C-6B67-493F-887B-961F273C16FE}.Debug|iPhoneSimulator.ActiveCfg = Debug|iPhoneSimulator
		{54D3597C-6B67-493F-887B-961F273C16FE}.Debug|iPhoneSimulator.Build.0 = Debug|iPhoneSimulator
		{54D3597C-6B67-493F-887B-961F273C16FE}.Release|Any CPU.ActiveCfg = Release|iPhone
		{54D3597C-6B67-493F-887B-961F273C16FE}.Release|iPhone.ActiveCfg = Release|iPhone
		{54D3597C-6B67-493F-887B-961F273C16FE}.Release|iPhone.Build.0 = Release|iPhone
		{54D3597C-6B67-493F-887B-961F273C16FE}.Release|iPhoneSimulator.ActiveCfg = Release|iPhoneSimulator
		{54D3597C-6B67-493F-887B-961F273C16FE}.Release|iPhoneSimulator.Build.0 = Release|iPhoneSimulator
		{F7EFD35C-5358-4FD3-B8B0-AB69F11625D3}.Ad-Hoc|Any CPU.ActiveCfg = Debug|Any CPU
		{F7EFD35C-5358-4FD3-B8B0-AB69F11625D3}.Ad-Hoc|Any CPU.Build.0 = Debug|Any CPU
		{F7EFD35C-5358-4FD3-B8B0-AB69F11625D3}.Ad-Hoc|iPhone.ActiveCfg = Debug|Any CPU
		{F7EFD35C-5358-4FD3-B8B0-AB69F11625D3}.Ad-Hoc|iPhone.Build.0 = Debug|Any CPU
		{F7EFD35C-5358-4FD3-B8B0-AB69F11625D3}.Ad-Hoc|iPhoneSimulator.ActiveCfg = Debug|Any CPU
		{F7EFD35C-5358-4FD3-B8B0-AB69F11625D3}.Ad-Hoc|iPhoneSimulator.Build.0 = Debug|Any CPU
		{F7EFD35C-5358-4FD3-B8B0-AB69F11625D3}.AppStore|Any CPU.ActiveCfg = Debug|Any CPU
		{F7EFD35C-5358-4FD3-B8B0-AB69F11625D3}.AppStore|Any CPU.Build.0 = Debug|Any CPU
		{F7EFD35C-5358-4FD3-B8B0-AB69F11625D3}.AppStore|iPhone.ActiveCfg = Debug|Any CPU
		{F7EFD35C-5358-4FD3-B8B0-AB69F11625D3}.AppStore|iPhone.Build.0 = Debug|Any CPU
		{F7EFD35C-5358-4FD3-B8B0-AB69F11625D3}.AppStore|iPhoneSimulator.ActiveCfg = Debug|Any CPU
		{F7EFD35C-5358-4FD3-B8B0-AB69F11625D3}.AppStore|iPhoneSimulator.Build.0 = Debug|Any CPU
		{F7EFD35C-5358-4FD3-B8B0-AB69F11625D3}.Debug|Any CPU.ActiveCfg = Debug|Any CPU
		{F7EFD35C-5358-4FD3-B8B0-AB69F11625D3}.Debug|Any CPU.Build.0 = Debug|Any CPU
		{F7EFD35C-5358-4FD3-B8B0-AB69F11625D3}.Debug|iPhone.ActiveCfg = Debug|Any CPU
		{F7EFD35C-5358-4FD3-B8B0-AB69F11625D3}.Debug|iPhone.Build.0 = Debug|Any CPU
		{F7EFD35C-5358-4FD3-B8B0-AB69F11625D3}.Debug|iPhoneSimulator.ActiveCfg = Debug|Any CPU
		{F7EFD35C-5358-4FD3-B8B0-AB69F11625D3}.Debug|iPhoneSimulator.Build.0 = Debug|Any CPU
		{F7EFD35C-5358-4FD3-B8B0-AB69F11625D3}.Release|Any CPU.ActiveCfg = Release|Any CPU
		{F7EFD35C-5358-4FD3-B8B0-AB69F11625D3}.Release|Any CPU.Build.0 = Release|Any CPU
		{F7EFD35C-5358-4FD3-B8B0-AB69F11625D3}.Release|iPhone.ActiveCfg = Release|Any CPU
		{F7EFD35C-5358-4FD3-B8B0-AB69F11625D3}.Release|iPhone.Build.0 = Release|Any CPU
		{F7EFD35C-5358-4FD3-B8B0-AB69F11625D3}.Release|iPhoneSimulator.ActiveCfg = Release|Any CPU
		{F7EFD35C-5358-4FD3-B8B0-AB69F11625D3}.Release|iPhoneSimulator.Build.0 = Release|Any CPU
	EndGlobalSection
	GlobalSection(SolutionProperties) = preSolution
		HideSolutionNode = FALSE
	EndGlobalSection
	GlobalSection(ExtensibilityGlobals) = postSolution
		SolutionGuid = {21A55B63-E356-426B-9E91-8461C6C165F6}
	EndGlobalSection
EndGlobal
